
Microsoft Visual Studio Solution File, Format Version 12.00
# Visual Studio Version 17
VisualStudioVersion = 17.11.35431.28
MinimumVisualStudioVersion = 10.0.40219.1
Project("{FAE04EC0-301F-11D3-BF4B-00C04F79EFBC}") = "al-utils-app.Android", "al-utils-app.Android\al-utils-app.Android.csproj", "{50425B17-4A15-4577-A633-5585A660C339}"
EndProject
Project("{FAE04EC0-301F-11D3-BF4B-00C04F79EFBC}") = "al-utils-app", "al-utils-app\al-utils-app.csproj", "{B5BF4459-9976-45C3-874B-DAA8B0DB76B5}"
EndProject
Global
	GlobalSection(SolutionConfigurationPlatforms) = preSolution
		Debug|Any CPU = Debug|Any CPU
		Release|Any CPU = Release|Any CPU
	EndGlobalSection
	GlobalSection(ProjectConfigurationPlatforms) = postSolution
		{50425B17-4A15-4577-A633-5585A660C339}.Debug|Any CPU.ActiveCfg = Debug|Any CPU
		{50425B17-4A15-4577-A633-5585A660C339}.Debug|Any CPU.Build.0 = Debug|Any CPU
		{50425B17-4A15-4577-A633-5585A660C339}.Debug|Any CPU.Deploy.0 = Debug|Any CPU
		{50425B17-4A15-4577-A633-5585A660C339}.Release|Any CPU.ActiveCfg = Release|Any CPU
		{50425B17-4A15-4577-A633-5585A660C339}.Release|Any CPU.Build.0 = Release|Any CPU
		{50425B17-4A15-4577-A633-5585A660C339}.Release|Any CPU.Deploy.0 = Release|Any CPU
		{B5BF4459-9976-45C3-874B-DAA8B0DB76B5}.Debug|Any CPU.ActiveCfg = Debug|Any CPU
		{B5BF4459-9976-45C3-874B-DAA8B0DB76B5}.Debug|Any CPU.Build.0 = Debug|Any CPU
		{B5BF4459-9976-45C3-874B-DAA8B0DB76B5}.Release|Any CPU.ActiveCfg = Release|Any CPU
		{B5BF4459-9976-45C3-874B-DAA8B0DB76B5}.Release|Any CPU.Build.0 = Release|Any CPU
	EndGlobalSection
	GlobalSection(SolutionProperties) = preSolution
		HideSolutionNode = FALSE
	EndGlobalSection
	GlobalSection(ExtensibilityGlobals) = postSolution
		SolutionGuid = {78211DD2-B9EC-4F9B-9411-1518D4B9D12C}
	EndGlobalSection
EndGlobal
